// !$*UTF8*$!
{
	archiveVersion = 1;
	classes = {
	};
	objectVersion = 56;
	objects = {

/* Begin PBXBuildFile section */
		B66322312C19AC0600881244 /* Project8MoonshotApp.swift in Sources */ = {isa = PBXBuildFile; fileRef = B66322302C19AC0600881244 /* Project8MoonshotApp.swift */; };
		B66322332C19AC0600881244 /* ContentView.swift in Sources */ = {isa = PBXBuildFile; fileRef = B66322322C19AC0600881244 /* ContentView.swift */; };
		B66322352C19AC0900881244 /* Assets.xcassets in Resources */ = {isa = PBXBuildFile; fileRef = B66322342C19AC0900881244 /* Assets.xcassets */; };
		B66322382C19AC0900881244 /* Preview Assets.xcassets in Resources */ = {isa = PBXBuildFile; fileRef = B66322372C19AC0900881244 /* Preview Assets.xcassets */; };
		B66322402C19AFFD00881244 /* ResizingImage.swift in Sources */ = {isa = PBXBuildFile; fileRef = B663223F2C19AFFD00881244 /* ResizingImage.swift */; };
		B66322422C19B20C00881244 /* ScrollViews.swift in Sources */ = {isa = PBXBuildFile; fileRef = B66322412C19B20C00881244 /* ScrollViews.swift */; };
		B66322442C19B58700881244 /* PushingNewViewsOntoStackUsingNavigationLink.swift in Sources */ = {isa = PBXBuildFile; fileRef = B66322432C19B58700881244 /* PushingNewViewsOntoStackUsingNavigationLink.swift */; };
		B66322462C19B94300881244 /* WorkingWithHierarchicalCodableData.swift in Sources */ = {isa = PBXBuildFile; fileRef = B66322452C19B94300881244 /* WorkingWithHierarchicalCodableData.swift */; };
		B66322482C19BBF600881244 /* HowToLayOutViewsInAScrollingGrid.swift in Sources */ = {isa = PBXBuildFile; fileRef = B66322472C19BBF600881244 /* HowToLayOutViewsInAScrollingGrid.swift */; };
		B663224A2C19D6E800881244 /* LoadingASpecificKindOfCodableData.swift in Sources */ = {isa = PBXBuildFile; fileRef = B66322492C19D6E800881244 /* LoadingASpecificKindOfCodableData.swift */; };
		B663224C2C19D7A600881244 /* missions.json in Resources */ = {isa = PBXBuildFile; fileRef = B663224B2C19D7A600881244 /* missions.json */; };
		B663224E2C19D7AC00881244 /* astronauts.json in Resources */ = {isa = PBXBuildFile; fileRef = B663224D2C19D7AC00881244 /* astronauts.json */; };
		B66322502C19D7EF00881244 /* Astronaut.swift in Sources */ = {isa = PBXBuildFile; fileRef = B663224F2C19D7EF00881244 /* Astronaut.swift */; };
		B66322522C19D85600881244 /* Bundle-Decodable.swift in Sources */ = {isa = PBXBuildFile; fileRef = B66322512C19D85600881244 /* Bundle-Decodable.swift */; };
		B66322542C19DE4D00881244 /* Mission.swift in Sources */ = {isa = PBXBuildFile; fileRef = B66322532C19DE4D00881244 /* Mission.swift */; };
		B66322562C1ADB9900881244 /* Color-Theme.swift in Sources */ = {isa = PBXBuildFile; fileRef = B66322552C1ADB9900881244 /* Color-Theme.swift */; };
		B66322582C1B53F700881244 /* MissionView.swift in Sources */ = {isa = PBXBuildFile; fileRef = B66322572C1B53F700881244 /* MissionView.swift */; };
		B663225A2C1B6A4600881244 /* AstronautView.swift in Sources */ = {isa = PBXBuildFile; fileRef = B66322592C1B6A4600881244 /* AstronautView.swift */; };
		B663225C2C1B6DFA00881244 /* CrewView.swift in Sources */ = {isa = PBXBuildFile; fileRef = B663225B2C1B6DFA00881244 /* CrewView.swift */; };
		B663225E2C1B6E7B00881244 /* RectDivider.swift in Sources */ = {isa = PBXBuildFile; fileRef = B663225D2C1B6E7B00881244 /* RectDivider.swift */; };
		B66322602C1B6F4B00881244 /* GridOptionView.swift in Sources */ = {isa = PBXBuildFile; fileRef = B663225F2C1B6F4B00881244 /* GridOptionView.swift */; };
		B66322622C1B701000881244 /* ListOptionView.swift in Sources */ = {isa = PBXBuildFile; fileRef = B66322612C1B701000881244 /* ListOptionView.swift */; };
/* End PBXBuildFile section */

/* Begin PBXFileReference section */
		B663222D2C19AC0600881244 /* Project8Moonshot.app */ = {isa = PBXFileReference; explicitFileType = wrapper.application; includeInIndex = 0; path = Project8Moonshot.app; sourceTree = BUILT_PRODUCTS_DIR; };
		B66322302C19AC0600881244 /* Project8MoonshotApp.swift */ = {isa = PBXFileReference; lastKnownFileType = sourcecode.swift; path = Project8MoonshotApp.swift; sourceTree = "<group>"; };
		B66322322C19AC0600881244 /* ContentView.swift */ = {isa = PBXFileReference; lastKnownFileType = sourcecode.swift; path = ContentView.swift; sourceTree = "<group>"; };
		B66322342C19AC0900881244 /* Assets.xcassets */ = {isa = PBXFileReference; lastKnownFileType = folder.assetcatalog; path = Assets.xcassets; sourceTree = "<group>"; };
		B66322372C19AC0900881244 /* Preview Assets.xcassets */ = {isa = PBXFileReference; lastKnownFileType = folder.assetcatalog; path = "Preview Assets.xcassets"; sourceTree = "<group>"; };
		B663223F2C19AFFD00881244 /* ResizingImage.swift */ = {isa = PBXFileReference; lastKnownFileType = sourcecode.swift; path = ResizingImage.swift; sourceTree = "<group>"; };
		B66322412C19B20C00881244 /* ScrollViews.swift */ = {isa = PBXFileReference; lastKnownFileType = sourcecode.swift; path = ScrollViews.swift; sourceTree = "<group>"; };
		B66322432C19B58700881244 /* PushingNewViewsOntoStackUsingNavigationLink.swift */ = {isa = PBXFileReference; lastKnownFileType = sourcecode.swift; path = PushingNewViewsOntoStackUsingNavigationLink.swift; sourceTree = "<group>"; };
		B66322452C19B94300881244 /* WorkingWithHierarchicalCodableData.swift */ = {isa = PBXFileReference; lastKnownFileType = sourcecode.swift; path = WorkingWithHierarchicalCodableData.swift; sourceTree = "<group>"; };
		B66322472C19BBF600881244 /* HowToLayOutViewsInAScrollingGrid.swift */ = {isa = PBXFileReference; lastKnownFileType = sourcecode.swift; path = HowToLayOutViewsInAScrollingGrid.swift; sourceTree = "<group>"; };
		B66322492C19D6E800881244 /* LoadingASpecificKindOfCodableData.swift */ = {isa = PBXFileReference; lastKnownFileType = sourcecode.swift; path = LoadingASpecificKindOfCodableData.swift; sourceTree = "<group>"; };
		B663224B2C19D7A600881244 /* missions.json */ = {isa = PBXFileReference; fileEncoding = 4; lastKnownFileType = text.json; name = missions.json; path = "../../githubCode/SwiftUI/project8-files/missions.json"; sourceTree = "<group>"; };
		B663224D2C19D7AC00881244 /* astronauts.json */ = {isa = PBXFileReference; fileEncoding = 4; lastKnownFileType = text.json; path = astronauts.json; sourceTree = "<group>"; };
		B663224F2C19D7EF00881244 /* Astronaut.swift */ = {isa = PBXFileReference; lastKnownFileType = sourcecode.swift; path = Astronaut.swift; sourceTree = "<group>"; };
		B66322512C19D85600881244 /* Bundle-Decodable.swift */ = {isa = PBXFileReference; lastKnownFileType = sourcecode.swift; path = "Bundle-Decodable.swift"; sourceTree = "<group>"; };
		B66322532C19DE4D00881244 /* Mission.swift */ = {isa = PBXFileReference; lastKnownFileType = sourcecode.swift; path = Mission.swift; sourceTree = "<group>"; };
		B66322552C1ADB9900881244 /* Color-Theme.swift */ = {isa = PBXFileReference; lastKnownFileType = sourcecode.swift; path = "Color-Theme.swift"; sourceTree = "<group>"; };
		B66322572C1B53F700881244 /* MissionView.swift */ = {isa = PBXFileReference; lastKnownFileType = sourcecode.swift; path = MissionView.swift; sourceTree = "<group>"; };
		B66322592C1B6A4600881244 /* AstronautView.swift */ = {isa = PBXFileReference; lastKnownFileType = sourcecode.swift; path = AstronautView.swift; sourceTree = "<group>"; };
		B663225B2C1B6DFA00881244 /* CrewView.swift */ = {isa = PBXFileReference; lastKnownFileType = sourcecode.swift; path = CrewView.swift; sourceTree = "<group>"; };
		B663225D2C1B6E7B00881244 /* RectDivider.swift */ = {isa = PBXFileReference; lastKnownFileType = sourcecode.swift; path = RectDivider.swift; sourceTree = "<group>"; };
		B663225F2C1B6F4B00881244 /* GridOptionView.swift */ = {isa = PBXFileReference; lastKnownFileType = sourcecode.swift; path = GridOptionView.swift; sourceTree = "<group>"; };
		B66322612C1B701000881244 /* ListOptionView.swift */ = {isa = PBXFileReference; lastKnownFileType = sourcecode.swift; path = ListOptionView.swift; sourceTree = "<group>"; };
/* End PBXFileReference section */

/* Begin PBXFrameworksBuildPhase section */
		B663222A2C19AC0600881244 /* Frameworks */ = {
			isa = PBXFrameworksBuildPhase;
			buildActionMask = 2147483647;
			files = (
			);
			runOnlyForDeploymentPostprocessing = 0;
		};
/* End PBXFrameworksBuildPhase section */

/* Begin PBXGroup section */
		B66322242C19AC0600881244 = {
			isa = PBXGroup;
			children = (
				B66322592C1B6A4600881244 /* AstronautView.swift */,
				B663222F2C19AC0600881244 /* Project8Moonshot */,
				B663222E2C19AC0600881244 /* Products */,
			);
			sourceTree = "<group>";
		};
		B663222E2C19AC0600881244 /* Products */ = {
			isa = PBXGroup;
			children = (
				B663222D2C19AC0600881244 /* Project8Moonshot.app */,
			);
			name = Products;
			sourceTree = "<group>";
		};
		B663222F2C19AC0600881244 /* Project8Moonshot */ = {
			isa = PBXGroup;
			children = (
				B663223E2C19AC1000881244 /* Learning */,
				B66322302C19AC0600881244 /* Project8MoonshotApp.swift */,
				B663224B2C19D7A600881244 /* missions.json */,
				B663224D2C19D7AC00881244 /* astronauts.json */,
				B66322322C19AC0600881244 /* ContentView.swift */,
				B66322612C1B701000881244 /* ListOptionView.swift */,
				B663225F2C1B6F4B00881244 /* GridOptionView.swift */,
				B66322572C1B53F700881244 /* MissionView.swift */,
				B663225D2C1B6E7B00881244 /* RectDivider.swift */,
				B663225B2C1B6DFA00881244 /* CrewView.swift */,
				B66322552C1ADB9900881244 /* Color-Theme.swift */,
				B66322512C19D85600881244 /* Bundle-Decodable.swift */,
				B66322532C19DE4D00881244 /* Mission.swift */,
				B66322342C19AC0900881244 /* Assets.xcassets */,
				B66322362C19AC0900881244 /* Preview Content */,
			);
			path = Project8Moonshot;
			sourceTree = "<group>";
		};
		B66322362C19AC0900881244 /* Preview Content */ = {
			isa = PBXGroup;
			children = (
				B66322372C19AC0900881244 /* Preview Assets.xcassets */,
			);
			path = "Preview Content";
			sourceTree = "<group>";
		};
		B663223E2C19AC1000881244 /* Learning */ = {
			isa = PBXGroup;
			children = (
				B663223F2C19AFFD00881244 /* ResizingImage.swift */,
				B66322412C19B20C00881244 /* ScrollViews.swift */,
				B66322432C19B58700881244 /* PushingNewViewsOntoStackUsingNavigationLink.swift */,
				B66322452C19B94300881244 /* WorkingWithHierarchicalCodableData.swift */,
				B66322472C19BBF600881244 /* HowToLayOutViewsInAScrollingGrid.swift */,
				B66322492C19D6E800881244 /* LoadingASpecificKindOfCodableData.swift */,
				B663224F2C19D7EF00881244 /* Astronaut.swift */,
			);
			path = Learning;
			sourceTree = "<group>";
		};
/* End PBXGroup section */

/* Begin PBXNativeTarget section */
		B663222C2C19AC0600881244 /* Project8Moonshot */ = {
			isa = PBXNativeTarget;
			buildConfigurationList = B663223B2C19AC0900881244 /* Build configuration list for PBXNativeTarget "Project8Moonshot" */;
			buildPhases = (
				B66322292C19AC0600881244 /* Sources */,
				B663222A2C19AC0600881244 /* Frameworks */,
				B663222B2C19AC0600881244 /* Resources */,
			);
			buildRules = (
			);
			dependencies = (
			);
			name = Project8Moonshot;
			productName = Project8Moonshot;
			productReference = B663222D2C19AC0600881244 /* Project8Moonshot.app */;
			productType = "com.apple.product-type.application";
		};
/* End PBXNativeTarget section */

/* Begin PBXProject section */
		B66322252C19AC0600881244 /* Project object */ = {
			isa = PBXProject;
			attributes = {
				BuildIndependentTargetsInParallel = 1;
				LastSwiftUpdateCheck = 1530;
				LastUpgradeCheck = 1530;
				TargetAttributes = {
					B663222C2C19AC0600881244 = {
						CreatedOnToolsVersion = 15.3;
					};
				};
			};
			buildConfigurationList = B66322282C19AC0600881244 /* Build configuration list for PBXProject "Project8Moonshot" */;
			compatibilityVersion = "Xcode 14.0";
			developmentRegion = en;
			hasScannedForEncodings = 0;
			knownRegions = (
				en,
				Base,
			);
			mainGroup = B66322242C19AC0600881244;
			productRefGroup = B663222E2C19AC0600881244 /* Products */;
			projectDirPath = "";
			projectRoot = "";
			targets = (
				B663222C2C19AC0600881244 /* Project8Moonshot */,
			);
		};
/* End PBXProject section */

/* Begin PBXResourcesBuildPhase section */
		B663222B2C19AC0600881244 /* Resources */ = {
			isa = PBXResourcesBuildPhase;
			buildActionMask = 2147483647;
			files = (
				B66322382C19AC0900881244 /* Preview Assets.xcassets in Resources */,
				B663224C2C19D7A600881244 /* missions.json in Resources */,
				B66322352C19AC0900881244 /* Assets.xcassets in Resources */,
				B663224E2C19D7AC00881244 /* astronauts.json in Resources */,
			);
			runOnlyForDeploymentPostprocessing = 0;
		};
/* End PBXResourcesBuildPhase section */

/* Begin PBXSourcesBuildPhase section */
		B66322292C19AC0600881244 /* Sources */ = {
			isa = PBXSourcesBuildPhase;
			buildActionMask = 2147483647;
			files = (
				B663225A2C1B6A4600881244 /* AstronautView.swift in Sources */,
				B663225E2C1B6E7B00881244 /* RectDivider.swift in Sources */,
				B66322542C19DE4D00881244 /* Mission.swift in Sources */,
				B66322622C1B701000881244 /* ListOptionView.swift in Sources */,
				B66322502C19D7EF00881244 /* Astronaut.swift in Sources */,
				B66322402C19AFFD00881244 /* ResizingImage.swift in Sources */,
				B66322422C19B20C00881244 /* ScrollViews.swift in Sources */,
				B66322482C19BBF600881244 /* HowToLayOutViewsInAScrollingGrid.swift in Sources */,
				B66322442C19B58700881244 /* PushingNewViewsOntoStackUsingNavigationLink.swift in Sources */,
				B66322332C19AC0600881244 /* ContentView.swift in Sources */,
				B66322582C1B53F700881244 /* MissionView.swift in Sources */,
				B66322602C1B6F4B00881244 /* GridOptionView.swift in Sources */,
				B66322562C1ADB9900881244 /* Color-Theme.swift in Sources */,
				B663225C2C1B6DFA00881244 /* CrewView.swift in Sources */,
				B66322312C19AC0600881244 /* Project8MoonshotApp.swift in Sources */,
				B66322522C19D85600881244 /* Bundle-Decodable.swift in Sources */,
				B663224A2C19D6E800881244 /* LoadingASpecificKindOfCodableData.swift in Sources */,
				B66322462C19B94300881244 /* WorkingWithHierarchicalCodableData.swift in Sources */,
			);
			runOnlyForDeploymentPostprocessing = 0;
		};
/* End PBXSourcesBuildPhase section */

/* Begin XCBuildConfiguration section */
		B66322392C19AC0900881244 /* Debug */ = {
			isa = XCBuildConfiguration;
			buildSettings = {
				ALWAYS_SEARCH_USER_PATHS = NO;
				ASSETCATALOG_COMPILER_GENERATE_SWIFT_ASSET_SYMBOL_EXTENSIONS = YES;
				CLANG_ANALYZER_NONNULL = YES;
				CLANG_ANALYZER_NUMBER_OBJECT_CONVERSION = YES_AGGRESSIVE;
				CLANG_CXX_LANGUAGE_STANDARD = "gnu++20";
				CLANG_ENABLE_MODULES = YES;
				CLANG_ENABLE_OBJC_ARC = YES;
				CLANG_ENABLE_OBJC_WEAK = YES;
				CLANG_WARN_BLOCK_CAPTURE_AUTORELEASING = YES;
				CLANG_WARN_BOOL_CONVERSION = YES;
				CLANG_WARN_COMMA = YES;
				CLANG_WARN_CONSTANT_CONVERSION = YES;
				CLANG_WARN_DEPRECATED_OBJC_IMPLEMENTATIONS = YES;
				CLANG_WARN_DIRECT_OBJC_ISA_USAGE = YES_ERROR;
				CLANG_WARN_DOCUMENTATION_COMMENTS = YES;
				CLANG_WARN_EMPTY_BODY = YES;
				CLANG_WARN_ENUM_CONVERSION = YES;
				CLANG_WARN_INFINITE_RECURSION = YES;
				CLANG_WARN_INT_CONVERSION = YES;
				CLANG_WARN_NON_LITERAL_NULL_CONVERSION = YES;
				CLANG_WARN_OBJC_IMPLICIT_RETAIN_SELF = YES;
				CLANG_WARN_OBJC_LITERAL_CONVERSION = YES;
				CLANG_WARN_OBJC_ROOT_CLASS = YES_ERROR;
				CLANG_WARN_QUOTED_INCLUDE_IN_FRAMEWORK_HEADER = YES;
				CLANG_WARN_RANGE_LOOP_ANALYSIS = YES;
				CLANG_WARN_STRICT_PROTOTYPES = YES;
				CLANG_WARN_SUSPICIOUS_MOVE = YES;
				CLANG_WARN_UNGUARDED_AVAILABILITY = YES_AGGRESSIVE;
				CLANG_WARN_UNREACHABLE_CODE = YES;
				CLANG_WARN__DUPLICATE_METHOD_MATCH = YES;
				COPY_PHASE_STRIP = NO;
				DEBUG_INFORMATION_FORMAT = dwarf;
				ENABLE_STRICT_OBJC_MSGSEND = YES;
				ENABLE_TESTABILITY = YES;
				ENABLE_USER_SCRIPT_SANDBOXING = YES;
				GCC_C_LANGUAGE_STANDARD = gnu17;
				GCC_DYNAMIC_NO_PIC = NO;
				GCC_NO_COMMON_BLOCKS = YES;
				GCC_OPTIMIZATION_LEVEL = 0;
				GCC_PREPROCESSOR_DEFINITIONS = (
					"DEBUG=1",
					"$(inherited)",
				);
				GCC_WARN_64_TO_32_BIT_CONVERSION = YES;
				GCC_WARN_ABOUT_RETURN_TYPE = YES_ERROR;
				GCC_WARN_UNDECLARED_SELECTOR = YES;
				GCC_WARN_UNINITIALIZED_AUTOS = YES_AGGRESSIVE;
				GCC_WARN_UNUSED_FUNCTION = YES;
				GCC_WARN_UNUSED_VARIABLE = YES;
				IPHONEOS_DEPLOYMENT_TARGET = 17.4;
				LOCALIZATION_PREFERS_STRING_CATALOGS = YES;
				MTL_ENABLE_DEBUG_INFO = INCLUDE_SOURCE;
				MTL_FAST_MATH = YES;
				ONLY_ACTIVE_ARCH = YES;
				SDKROOT = iphoneos;
				SWIFT_ACTIVE_COMPILATION_CONDITIONS = "DEBUG $(inherited)";
				SWIFT_OPTIMIZATION_LEVEL = "-Onone";
			};
			name = Debug;
		};
		B663223A2C19AC0900881244 /* Release */ = {
			isa = XCBuildConfiguration;
			buildSettings = {
				ALWAYS_SEARCH_USER_PATHS = NO;
				ASSETCATALOG_COMPILER_GENERATE_SWIFT_ASSET_SYMBOL_EXTENSIONS = YES;
				CLANG_ANALYZER_NONNULL = YES;
				CLANG_ANALYZER_NUMBER_OBJECT_CONVERSION = YES_AGGRESSIVE;
				CLANG_CXX_LANGUAGE_STANDARD = "gnu++20";
				CLANG_ENABLE_MODULES = YES;
				CLANG_ENABLE_OBJC_ARC = YES;
				CLANG_ENABLE_OBJC_WEAK = YES;
				CLANG_WARN_BLOCK_CAPTURE_AUTORELEASING = YES;
				CLANG_WARN_BOOL_CONVERSION = YES;
				CLANG_WARN_COMMA = YES;
				CLANG_WARN_CONSTANT_CONVERSION = YES;
				CLANG_WARN_DEPRECATED_OBJC_IMPLEMENTATIONS = YES;
				CLANG_WARN_DIRECT_OBJC_ISA_USAGE = YES_ERROR;
				CLANG_WARN_DOCUMENTATION_COMMENTS = YES;
				CLANG_WARN_EMPTY_BODY = YES;
				CLANG_WARN_ENUM_CONVERSION = YES;
				CLANG_WARN_INFINITE_RECURSION = YES;
				CLANG_WARN_INT_CONVERSION = YES;
				CLANG_WARN_NON_LITERAL_NULL_CONVERSION = YES;
				CLANG_WARN_OBJC_IMPLICIT_RETAIN_SELF = YES;
				CLANG_WARN_OBJC_LITERAL_CONVERSION = YES;
				CLANG_WARN_OBJC_ROOT_CLASS = YES_ERROR;
				CLANG_WARN_QUOTED_INCLUDE_IN_FRAMEWORK_HEADER = YES;
				CLANG_WARN_RANGE_LOOP_ANALYSIS = YES;
				CLANG_WARN_STRICT_PROTOTYPES = YES;
				CLANG_WARN_SUSPICIOUS_MOVE = YES;
				CLANG_WARN_UNGUARDED_AVAILABILITY = YES_AGGRESSIVE;
				CLANG_WARN_UNREACHABLE_CODE = YES;
				CLANG_WARN__DUPLICATE_METHOD_MATCH = YES;
				COPY_PHASE_STRIP = NO;
				DEBUG_INFORMATION_FORMAT = "dwarf-with-dsym";
				ENABLE_NS_ASSERTIONS = NO;
				ENABLE_STRICT_OBJC_MSGSEND = YES;
				ENABLE_USER_SCRIPT_SANDBOXING = YES;
				GCC_C_LANGUAGE_STANDARD = gnu17;
				GCC_NO_COMMON_BLOCKS = YES;
				GCC_WARN_64_TO_32_BIT_CONVERSION = YES;
				GCC_WARN_ABOUT_RETURN_TYPE = YES_ERROR;
				GCC_WARN_UNDECLARED_SELECTOR = YES;
				GCC_WARN_UNINITIALIZED_AUTOS = YES_AGGRESSIVE;
				GCC_WARN_UNUSED_FUNCTION = YES;
				GCC_WARN_UNUSED_VARIABLE = YES;
				IPHONEOS_DEPLOYMENT_TARGET = 17.4;
				LOCALIZATION_PREFERS_STRING_CATALOGS = YES;
				MTL_ENABLE_DEBUG_INFO = NO;
				MTL_FAST_MATH = YES;
				SDKROOT = iphoneos;
				SWIFT_COMPILATION_MODE = wholemodule;
				VALIDATE_PRODUCT = YES;
			};
			name = Release;
		};
		B663223C2C19AC0900881244 /* Debug */ = {
			isa = XCBuildConfiguration;
			buildSettings = {
				ASSETCATALOG_COMPILER_APPICON_NAME = AppIcon;
				ASSETCATALOG_COMPILER_GLOBAL_ACCENT_COLOR_NAME = AccentColor;
				CODE_SIGN_STYLE = Automatic;
				CURRENT_PROJECT_VERSION = 1;
				DEVELOPMENT_ASSET_PATHS = "\"Project8Moonshot/Preview Content\"";
				ENABLE_PREVIEWS = YES;
				GENERATE_INFOPLIST_FILE = YES;
				INFOPLIST_KEY_UIApplicationSceneManifest_Generation = YES;
				INFOPLIST_KEY_UIApplicationSupportsIndirectInputEvents = YES;
				INFOPLIST_KEY_UILaunchScreen_Generation = YES;
				INFOPLIST_KEY_UISupportedInterfaceOrientations_iPad = "UIInterfaceOrientationPortrait UIInterfaceOrientationPortraitUpsideDown UIInterfaceOrientationLandscapeLeft UIInterfaceOrientationLandscapeRight";
				INFOPLIST_KEY_UISupportedInterfaceOrientations_iPhone = "UIInterfaceOrientationPortrait UIInterfaceOrientationLandscapeLeft UIInterfaceOrientationLandscapeRight";
				LD_RUNPATH_SEARCH_PATHS = (
					"$(inherited)",
					"@executable_path/Frameworks",
				);
				MARKETING_VERSION = 1.0;
				PRODUCT_BUNDLE_IDENTIFIER = me.panwar.aryan.Project8Moonshot;
				PRODUCT_NAME = "$(TARGET_NAME)";
				SWIFT_EMIT_LOC_STRINGS = YES;
				SWIFT_VERSION = 5.0;
				TARGETED_DEVICE_FAMILY = "1,2";
			};
			name = Debug;
		};
		B663223D2C19AC0900881244 /* Release */ = {
			isa = XCBuildConfiguration;
			buildSettings = {
				ASSETCATALOG_COMPILER_APPICON_NAME = AppIcon;
				ASSETCATALOG_COMPILER_GLOBAL_ACCENT_COLOR_NAME = AccentColor;
				CODE_SIGN_STYLE = Automatic;
				CURRENT_PROJECT_VERSION = 1;
				DEVELOPMENT_ASSET_PATHS = "\"Project8Moonshot/Preview Content\"";
				ENABLE_PREVIEWS = YES;
				GENERATE_INFOPLIST_FILE = YES;
				INFOPLIST_KEY_UIApplicationSceneManifest_Generation = YES;
				INFOPLIST_KEY_UIApplicationSupportsIndirectInputEvents = YES;
				INFOPLIST_KEY_UILaunchScreen_Generation = YES;
				INFOPLIST_KEY_UISupportedInterfaceOrientations_iPad = "UIInterfaceOrientationPortrait UIInterfaceOrientationPortraitUpsideDown UIInterfaceOrientationLandscapeLeft UIInterfaceOrientationLandscapeRight";
				INFOPLIST_KEY_UISupportedInterfaceOrientations_iPhone = "UIInterfaceOrientationPortrait UIInterfaceOrientationLandscapeLeft UIInterfaceOrientationLandscapeRight";
				LD_RUNPATH_SEARCH_PATHS = (
					"$(inherited)",
					"@executable_path/Frameworks",
				);
				MARKETING_VERSION = 1.0;
				PRODUCT_BUNDLE_IDENTIFIER = me.panwar.aryan.Project8Moonshot;
				PRODUCT_NAME = "$(TARGET_NAME)";
				SWIFT_EMIT_LOC_STRINGS = YES;
				SWIFT_VERSION = 5.0;
				TARGETED_DEVICE_FAMILY = "1,2";
			};
			name = Release;
		};
/* End XCBuildConfiguration section */

/* Begin XCConfigurationList section */
		B66322282C19AC0600881244 /* Build configuration list for PBXProject "Project8Moonshot" */ = {
			isa = XCConfigurationList;
			buildConfigurations = (
				B66322392C19AC0900881244 /* Debug */,
				B663223A2C19AC0900881244 /* Release */,
			);
			defaultConfigurationIsVisible = 0;
			defaultConfigurationName = Release;
		};
		B663223B2C19AC0900881244 /* Build configuration list for PBXNativeTarget "Project8Moonshot" */ = {
			isa = XCConfigurationList;
			buildConfigurations = (
				B663223C2C19AC0900881244 /* Debug */,
				B663223D2C19AC0900881244 /* Release */,
			);
			defaultConfigurationIsVisible = 0;
			defaultConfigurationName = Release;
		};
/* End XCConfigurationList section */
	};
	rootObject = B66322252C19AC0600881244 /* Project object */;
}
